
Microsoft Visual Studio Solution File, Format Version 12.00
# Visual Studio 15
VisualStudioVersion = 15.0.28307.136
MinimumVisualStudioVersion = 10.0.40219.1
Project("{FAE04EC0-301F-11D3-BF4B-00C04F79EFBC}") = "Testing", "Testing.csproj", "{0DC66955-381A-4652-8517-013B594BBFBD}"
EndProject
Global
	GlobalSection(SolutionConfigurationPlatforms) = preSolution
		Debug|Any CPU = Debug|Any CPU
		Release|Any CPU = Release|Any CPU
	EndGlobalSection
	GlobalSection(ProjectConfigurationPlatforms) = postSolution
		{0DC66955-381A-4652-8517-013B594BBFBD}.Debug|Any CPU.ActiveCfg = Debug|Any CPU
		{0DC66955-381A-4652-8517-013B594BBFBD}.Debug|Any CPU.Build.0 = Debug|Any CPU
		{0DC66955-381A-4652-8517-013B594BBFBD}.Release|Any CPU.ActiveCfg = Release|Any CPU
		{0DC66955-381A-4652-8517-013B594BBFBD}.Release|Any CPU.Build.0 = Release|Any CPU
	EndGlobalSection
	GlobalSection(SolutionProperties) = preSolution
		HideSolutionNode = FALSE
	EndGlobalSection
	GlobalSection(ExtensibilityGlobals) = postSolution
		SolutionGuid = {FC5A5B07-F7C5-4DA4-BDC5-B0EA4E462C63}
	EndGlobalSection
EndGlobal
